
Microsoft Visual Studio Solution File, Format Version 12.00
# Visual Studio 15
VisualStudioVersion = 15.0.27130.2026
MinimumVisualStudioVersion = 10.0.40219.1
Project("{FAE04EC0-301F-11D3-BF4B-00C04F79EFBC}") = "Toker", "Toker\Toker.csproj", "{4412581D-6195-495A-B65E-5A44E549E0C5}"
EndProject
Project("{2150E333-8FDC-42A3-9474-1A3956D46DE8}") = "Solution Items", "Solution Items", "{01BEF429-330E-450A-8A57-67A70561F9A7}"
	ProjectSection(SolutionItems) = preProject
		Toker\Test.txt = Toker\Test.txt
		ToDo.txt = ToDo.txt
	EndProjectSection
EndProject
Project("{FAE04EC0-301F-11D3-BF4B-00C04F79EFBC}") = "SemiExp", "SemiExp\SemiExp.csproj", "{8CD2F63B-9294-43BB-9F60-4FA966EBC48C}"
EndProject
Project("{FAE04EC0-301F-11D3-BF4B-00C04F79EFBC}") = "TypeAnalysis", "Parser\TypeAnalysis.csproj", "{F648274D-662C-4A6F-81C6-8A2C74DAE085}"
EndProject
Project("{FAE04EC0-301F-11D3-BF4B-00C04F79EFBC}") = "Display", "Display\Display.csproj", "{7F6AEE33-E7E5-4B83-B505-8BE313DEFEB2}"
EndProject
Project("{FAE04EC0-301F-11D3-BF4B-00C04F79EFBC}") = "Element", "Element\Element.csproj", "{49535DB1-E8E6-4C4E-A9BE-643FAA9312F4}"
EndProject
Project("{FAE04EC0-301F-11D3-BF4B-00C04F79EFBC}") = "DemoExecutive", "DemoExecutive\DemoExecutive.csproj", "{62FB6312-B271-4EA4-AF6F-80F3404EDACC}"
EndProject
Project("{FAE04EC0-301F-11D3-BF4B-00C04F79EFBC}") = "TypeTable", "TypeTable\TypeTable.csproj", "{4E8B23A2-9DEE-485F-8BE4-9D04A51AC146}"
EndProject
Project("{FAE04EC0-301F-11D3-BF4B-00C04F79EFBC}") = "IRuleActions", "IRuleActions\IRuleActions.csproj", "{BFE409F2-7BDC-4467-8826-4289B891DE82}"
EndProject
Project("{FAE04EC0-301F-11D3-BF4B-00C04F79EFBC}") = "Rules", "Rules\Rules.csproj", "{A33DEE3D-4D52-49ED-8EE7-EA3491CB2C8F}"
EndProject
Project("{FAE04EC0-301F-11D3-BF4B-00C04F79EFBC}") = "Actions", "Actions\Actions.csproj", "{65390EFE-F03C-443B-91BF-A0B934EFBE47}"
EndProject
Project("{FAE04EC0-301F-11D3-BF4B-00C04F79EFBC}") = "DepAnalysis", "DepAnalysis\DepAnalysis.csproj", "{491B393C-25BC-4DAD-9E79-AB15EAA79BE0}"
EndProject
Project("{FAE04EC0-301F-11D3-BF4B-00C04F79EFBC}") = "StrongComponent", "StrongComponent\StrongComponent.csproj", "{D80206D8-0F46-4C41-B6F9-9A2F6360A561}"
EndProject
Project("{FAE04EC0-301F-11D3-BF4B-00C04F79EFBC}") = "CsGraph", "CsGraph\CsGraph\CsGraph.csproj", "{742F4550-EBFC-47FA-A7F7-B8E181AD127A}"
EndProject
Project("{FAE04EC0-301F-11D3-BF4B-00C04F79EFBC}") = "ServerProcess", "ServerProcess\ServerProcess.csproj", "{798377F3-4B33-4CD5-B084-6FD57C993770}"
	ProjectSection(ProjectDependencies) = postProject
		{62FB6312-B271-4EA4-AF6F-80F3404EDACC} = {62FB6312-B271-4EA4-AF6F-80F3404EDACC}
	EndProjectSection
EndProject
Project("{FAE04EC0-301F-11D3-BF4B-00C04F79EFBC}") = "ResultManager", "ResultManager\ResultManager.csproj", "{D6D222DC-46CB-4E7A-B2C6-2DF473C19E0C}"
EndProject
Project("{FAE04EC0-301F-11D3-BF4B-00C04F79EFBC}") = "GUI", "GUI\GUI.csproj", "{E2295FA3-D59F-4EAD-AE53-C6194CC9F7E9}"
EndProject
Project("{FAE04EC0-301F-11D3-BF4B-00C04F79EFBC}") = "IMessagePassingCommService", "IMessagePassingCommService\IMessagePassingCommService.csproj", "{7D2C285E-9231-443E-99F1-7771B141C8F0}"
EndProject
Project("{FAE04EC0-301F-11D3-BF4B-00C04F79EFBC}") = "MessagePassingCommService", "MessagePassingCommService\MessagePassingCommService.csproj", "{6A9DF216-52D2-4E9C-BE52-872DC211FCAE}"
EndProject
Project("{FAE04EC0-301F-11D3-BF4B-00C04F79EFBC}") = "Environment", "Environment\Environment.csproj", "{73A22A67-D989-4C49-B109-EE1CC7917094}"
EndProject
Project("{FAE04EC0-301F-11D3-BF4B-00C04F79EFBC}") = "NavigatorServer", "NavigationServer\NavigatorServer.csproj", "{81E344CD-9B6F-49E0-8578-3ABC7A5BEE61}"
EndProject
Project("{FAE04EC0-301F-11D3-BF4B-00C04F79EFBC}") = "FileMgr", "FileMgr\FileMgr.csproj", "{CABC48E3-D968-48CF-9BE6-B65D742FE802}"
EndProject
Project("{FAE04EC0-301F-11D3-BF4B-00C04F79EFBC}") = "TestUtilities", "TestUtilities\TestUtilities.csproj", "{BF6A68CE-EF4E-40E4-AF2E-CE9BF2B6CFED}"
EndProject
Global
	GlobalSection(SolutionConfigurationPlatforms) = preSolution
		Debug|Any CPU = Debug|Any CPU
		Debug|x86 = Debug|x86
		Release|Any CPU = Release|Any CPU
		Release|x86 = Release|x86
	EndGlobalSection
	GlobalSection(ProjectConfigurationPlatforms) = postSolution
		{4412581D-6195-495A-B65E-5A44E549E0C5}.Debug|Any CPU.ActiveCfg = Debug|Any CPU
		{4412581D-6195-495A-B65E-5A44E549E0C5}.Debug|Any CPU.Build.0 = Debug|Any CPU
		{4412581D-6195-495A-B65E-5A44E549E0C5}.Debug|x86.ActiveCfg = Debug|Any CPU
		{4412581D-6195-495A-B65E-5A44E549E0C5}.Debug|x86.Build.0 = Debug|Any CPU
		{4412581D-6195-495A-B65E-5A44E549E0C5}.Release|Any CPU.ActiveCfg = Release|Any CPU
		{4412581D-6195-495A-B65E-5A44E549E0C5}.Release|Any CPU.Build.0 = Release|Any CPU
		{4412581D-6195-495A-B65E-5A44E549E0C5}.Release|x86.ActiveCfg = Release|Any CPU
		{4412581D-6195-495A-B65E-5A44E549E0C5}.Release|x86.Build.0 = Release|Any CPU
		{8CD2F63B-9294-43BB-9F60-4FA966EBC48C}.Debug|Any CPU.ActiveCfg = Debug|Any CPU
		{8CD2F63B-9294-43BB-9F60-4FA966EBC48C}.Debug|Any CPU.Build.0 = Debug|Any CPU
		{8CD2F63B-9294-43BB-9F60-4FA966EBC48C}.Debug|x86.ActiveCfg = Debug|Any CPU
		{8CD2F63B-9294-43BB-9F60-4FA966EBC48C}.Debug|x86.Build.0 = Debug|Any CPU
		{8CD2F63B-9294-43BB-9F60-4FA966EBC48C}.Release|Any CPU.ActiveCfg = Release|Any CPU
		{8CD2F63B-9294-43BB-9F60-4FA966EBC48C}.Release|Any CPU.Build.0 = Release|Any CPU
		{8CD2F63B-9294-43BB-9F60-4FA966EBC48C}.Release|x86.ActiveCfg = Release|Any CPU
		{8CD2F63B-9294-43BB-9F60-4FA966EBC48C}.Release|x86.Build.0 = Release|Any CPU
		{F648274D-662C-4A6F-81C6-8A2C74DAE085}.Debug|Any CPU.ActiveCfg = Debug|Any CPU
		{F648274D-662C-4A6F-81C6-8A2C74DAE085}.Debug|Any CPU.Build.0 = Debug|Any CPU
		{F648274D-662C-4A6F-81C6-8A2C74DAE085}.Debug|x86.ActiveCfg = Debug|Any CPU
		{F648274D-662C-4A6F-81C6-8A2C74DAE085}.Debug|x86.Build.0 = Debug|Any CPU
		{F648274D-662C-4A6F-81C6-8A2C74DAE085}.Release|Any CPU.ActiveCfg = Release|Any CPU
		{F648274D-662C-4A6F-81C6-8A2C74DAE085}.Release|Any CPU.Build.0 = Release|Any CPU
		{F648274D-662C-4A6F-81C6-8A2C74DAE085}.Release|x86.ActiveCfg = Release|Any CPU
		{F648274D-662C-4A6F-81C6-8A2C74DAE085}.Release|x86.Build.0 = Release|Any CPU
		{7F6AEE33-E7E5-4B83-B505-8BE313DEFEB2}.Debug|Any CPU.ActiveCfg = Debug|Any CPU
		{7F6AEE33-E7E5-4B83-B505-8BE313DEFEB2}.Debug|Any CPU.Build.0 = Debug|Any CPU
		{7F6AEE33-E7E5-4B83-B505-8BE313DEFEB2}.Debug|x86.ActiveCfg = Debug|Any CPU
		{7F6AEE33-E7E5-4B83-B505-8BE313DEFEB2}.Debug|x86.Build.0 = Debug|Any CPU
		{7F6AEE33-E7E5-4B83-B505-8BE313DEFEB2}.Release|Any CPU.ActiveCfg = Release|Any CPU
		{7F6AEE33-E7E5-4B83-B505-8BE313DEFEB2}.Release|Any CPU.Build.0 = Release|Any CPU
		{7F6AEE33-E7E5-4B83-B505-8BE313DEFEB2}.Release|x86.ActiveCfg = Release|Any CPU
		{7F6AEE33-E7E5-4B83-B505-8BE313DEFEB2}.Release|x86.Build.0 = Release|Any CPU
		{49535DB1-E8E6-4C4E-A9BE-643FAA9312F4}.Debug|Any CPU.ActiveCfg = Debug|Any CPU
		{49535DB1-E8E6-4C4E-A9BE-643FAA9312F4}.Debug|Any CPU.Build.0 = Debug|Any CPU
		{49535DB1-E8E6-4C4E-A9BE-643FAA9312F4}.Debug|x86.ActiveCfg = Debug|Any CPU
		{49535DB1-E8E6-4C4E-A9BE-643FAA9312F4}.Debug|x86.Build.0 = Debug|Any CPU
		{49535DB1-E8E6-4C4E-A9BE-643FAA9312F4}.Release|Any CPU.ActiveCfg = Release|Any CPU
		{49535DB1-E8E6-4C4E-A9BE-643FAA9312F4}.Release|Any CPU.Build.0 = Release|Any CPU
		{49535DB1-E8E6-4C4E-A9BE-643FAA9312F4}.Release|x86.ActiveCfg = Release|Any CPU
		{49535DB1-E8E6-4C4E-A9BE-643FAA9312F4}.Release|x86.Build.0 = Release|Any CPU
		{62FB6312-B271-4EA4-AF6F-80F3404EDACC}.Debug|Any CPU.ActiveCfg = Debug|Any CPU
		{62FB6312-B271-4EA4-AF6F-80F3404EDACC}.Debug|Any CPU.Build.0 = Debug|Any CPU
		{62FB6312-B271-4EA4-AF6F-80F3404EDACC}.Debug|x86.ActiveCfg = Debug|Any CPU
		{62FB6312-B271-4EA4-AF6F-80F3404EDACC}.Debug|x86.Build.0 = Debug|Any CPU
		{62FB6312-B271-4EA4-AF6F-80F3404EDACC}.Release|Any CPU.ActiveCfg = Release|Any CPU
		{62FB6312-B271-4EA4-AF6F-80F3404EDACC}.Release|Any CPU.Build.0 = Release|Any CPU
		{62FB6312-B271-4EA4-AF6F-80F3404EDACC}.Release|x86.ActiveCfg = Release|Any CPU
		{62FB6312-B271-4EA4-AF6F-80F3404EDACC}.Release|x86.Build.0 = Release|Any CPU
		{4E8B23A2-9DEE-485F-8BE4-9D04A51AC146}.Debug|Any CPU.ActiveCfg = Debug|Any CPU
		{4E8B23A2-9DEE-485F-8BE4-9D04A51AC146}.Debug|Any CPU.Build.0 = Debug|Any CPU
		{4E8B23A2-9DEE-485F-8BE4-9D04A51AC146}.Debug|x86.ActiveCfg = Debug|Any CPU
		{4E8B23A2-9DEE-485F-8BE4-9D04A51AC146}.Debug|x86.Build.0 = Debug|Any CPU
		{4E8B23A2-9DEE-485F-8BE4-9D04A51AC146}.Release|Any CPU.ActiveCfg = Release|Any CPU
		{4E8B23A2-9DEE-485F-8BE4-9D04A51AC146}.Release|Any CPU.Build.0 = Release|Any CPU
		{4E8B23A2-9DEE-485F-8BE4-9D04A51AC146}.Release|x86.ActiveCfg = Release|Any CPU
		{4E8B23A2-9DEE-485F-8BE4-9D04A51AC146}.Release|x86.Build.0 = Release|Any CPU
		{BFE409F2-7BDC-4467-8826-4289B891DE82}.Debug|Any CPU.ActiveCfg = Debug|Any CPU
		{BFE409F2-7BDC-4467-8826-4289B891DE82}.Debug|Any CPU.Build.0 = Debug|Any CPU
		{BFE409F2-7BDC-4467-8826-4289B891DE82}.Debug|x86.ActiveCfg = Debug|Any CPU
		{BFE409F2-7BDC-4467-8826-4289B891DE82}.Debug|x86.Build.0 = Debug|Any CPU
		{BFE409F2-7BDC-4467-8826-4289B891DE82}.Release|Any CPU.ActiveCfg = Release|Any CPU
		{BFE409F2-7BDC-4467-8826-4289B891DE82}.Release|Any CPU.Build.0 = Release|Any CPU
		{BFE409F2-7BDC-4467-8826-4289B891DE82}.Release|x86.ActiveCfg = Release|Any CPU
		{BFE409F2-7BDC-4467-8826-4289B891DE82}.Release|x86.Build.0 = Release|Any CPU
		{A33DEE3D-4D52-49ED-8EE7-EA3491CB2C8F}.Debug|Any CPU.ActiveCfg = Debug|Any CPU
		{A33DEE3D-4D52-49ED-8EE7-EA3491CB2C8F}.Debug|Any CPU.Build.0 = Debug|Any CPU
		{A33DEE3D-4D52-49ED-8EE7-EA3491CB2C8F}.Debug|x86.ActiveCfg = Debug|Any CPU
		{A33DEE3D-4D52-49ED-8EE7-EA3491CB2C8F}.Debug|x86.Build.0 = Debug|Any CPU
		{A33DEE3D-4D52-49ED-8EE7-EA3491CB2C8F}.Release|Any CPU.ActiveCfg = Release|Any CPU
		{A33DEE3D-4D52-49ED-8EE7-EA3491CB2C8F}.Release|Any CPU.Build.0 = Release|Any CPU
		{A33DEE3D-4D52-49ED-8EE7-EA3491CB2C8F}.Release|x86.ActiveCfg = Release|Any CPU
		{A33DEE3D-4D52-49ED-8EE7-EA3491CB2C8F}.Release|x86.Build.0 = Release|Any CPU
		{65390EFE-F03C-443B-91BF-A0B934EFBE47}.Debug|Any CPU.ActiveCfg = Debug|Any CPU
		{65390EFE-F03C-443B-91BF-A0B934EFBE47}.Debug|Any CPU.Build.0 = Debug|Any CPU
		{65390EFE-F03C-443B-91BF-A0B934EFBE47}.Debug|x86.ActiveCfg = Debug|Any CPU
		{65390EFE-F03C-443B-91BF-A0B934EFBE47}.Debug|x86.Build.0 = Debug|Any CPU
		{65390EFE-F03C-443B-91BF-A0B934EFBE47}.Release|Any CPU.ActiveCfg = Release|Any CPU
		{65390EFE-F03C-443B-91BF-A0B934EFBE47}.Release|Any CPU.Build.0 = Release|Any CPU
		{65390EFE-F03C-443B-91BF-A0B934EFBE47}.Release|x86.ActiveCfg = Release|Any CPU
		{65390EFE-F03C-443B-91BF-A0B934EFBE47}.Release|x86.Build.0 = Release|Any CPU
		{491B393C-25BC-4DAD-9E79-AB15EAA79BE0}.Debug|Any CPU.ActiveCfg = Debug|Any CPU
		{491B393C-25BC-4DAD-9E79-AB15EAA79BE0}.Debug|Any CPU.Build.0 = Debug|Any CPU
		{491B393C-25BC-4DAD-9E79-AB15EAA79BE0}.Debug|x86.ActiveCfg = Debug|Any CPU
		{491B393C-25BC-4DAD-9E79-AB15EAA79BE0}.Debug|x86.Build.0 = Debug|Any CPU
		{491B393C-25BC-4DAD-9E79-AB15EAA79BE0}.Release|Any CPU.ActiveCfg = Release|Any CPU
		{491B393C-25BC-4DAD-9E79-AB15EAA79BE0}.Release|Any CPU.Build.0 = Release|Any CPU
		{491B393C-25BC-4DAD-9E79-AB15EAA79BE0}.Release|x86.ActiveCfg = Release|Any CPU
		{491B393C-25BC-4DAD-9E79-AB15EAA79BE0}.Release|x86.Build.0 = Release|Any CPU
		{D80206D8-0F46-4C41-B6F9-9A2F6360A561}.Debug|Any CPU.ActiveCfg = Debug|Any CPU
		{D80206D8-0F46-4C41-B6F9-9A2F6360A561}.Debug|Any CPU.Build.0 = Debug|Any CPU
		{D80206D8-0F46-4C41-B6F9-9A2F6360A561}.Debug|x86.ActiveCfg = Debug|Any CPU
		{D80206D8-0F46-4C41-B6F9-9A2F6360A561}.Debug|x86.Build.0 = Debug|Any CPU
		{D80206D8-0F46-4C41-B6F9-9A2F6360A561}.Release|Any CPU.ActiveCfg = Release|Any CPU
		{D80206D8-0F46-4C41-B6F9-9A2F6360A561}.Release|Any CPU.Build.0 = Release|Any CPU
		{D80206D8-0F46-4C41-B6F9-9A2F6360A561}.Release|x86.ActiveCfg = Release|Any CPU
		{D80206D8-0F46-4C41-B6F9-9A2F6360A561}.Release|x86.Build.0 = Release|Any CPU
		{742F4550-EBFC-47FA-A7F7-B8E181AD127A}.Debug|Any CPU.ActiveCfg = Debug|Any CPU
		{742F4550-EBFC-47FA-A7F7-B8E181AD127A}.Debug|Any CPU.Build.0 = Debug|Any CPU
		{742F4550-EBFC-47FA-A7F7-B8E181AD127A}.Debug|x86.ActiveCfg = Debug|Any CPU
		{742F4550-EBFC-47FA-A7F7-B8E181AD127A}.Debug|x86.Build.0 = Debug|Any CPU
		{742F4550-EBFC-47FA-A7F7-B8E181AD127A}.Release|Any CPU.ActiveCfg = Release|Any CPU
		{742F4550-EBFC-47FA-A7F7-B8E181AD127A}.Release|Any CPU.Build.0 = Release|Any CPU
		{742F4550-EBFC-47FA-A7F7-B8E181AD127A}.Release|x86.ActiveCfg = Release|Any CPU
		{742F4550-EBFC-47FA-A7F7-B8E181AD127A}.Release|x86.Build.0 = Release|Any CPU
		{798377F3-4B33-4CD5-B084-6FD57C993770}.Debug|Any CPU.ActiveCfg = Debug|Any CPU
		{798377F3-4B33-4CD5-B084-6FD57C993770}.Debug|Any CPU.Build.0 = Debug|Any CPU
		{798377F3-4B33-4CD5-B084-6FD57C993770}.Debug|x86.ActiveCfg = Debug|Any CPU
		{798377F3-4B33-4CD5-B084-6FD57C993770}.Debug|x86.Build.0 = Debug|Any CPU
		{798377F3-4B33-4CD5-B084-6FD57C993770}.Release|Any CPU.ActiveCfg = Release|Any CPU
		{798377F3-4B33-4CD5-B084-6FD57C993770}.Release|Any CPU.Build.0 = Release|Any CPU
		{798377F3-4B33-4CD5-B084-6FD57C993770}.Release|x86.ActiveCfg = Release|Any CPU
		{798377F3-4B33-4CD5-B084-6FD57C993770}.Release|x86.Build.0 = Release|Any CPU
		{D6D222DC-46CB-4E7A-B2C6-2DF473C19E0C}.Debug|Any CPU.ActiveCfg = Debug|Any CPU
		{D6D222DC-46CB-4E7A-B2C6-2DF473C19E0C}.Debug|Any CPU.Build.0 = Debug|Any CPU
		{D6D222DC-46CB-4E7A-B2C6-2DF473C19E0C}.Debug|x86.ActiveCfg = Debug|Any CPU
		{D6D222DC-46CB-4E7A-B2C6-2DF473C19E0C}.Debug|x86.Build.0 = Debug|Any CPU
		{D6D222DC-46CB-4E7A-B2C6-2DF473C19E0C}.Release|Any CPU.ActiveCfg = Release|Any CPU
		{D6D222DC-46CB-4E7A-B2C6-2DF473C19E0C}.Release|Any CPU.Build.0 = Release|Any CPU
		{D6D222DC-46CB-4E7A-B2C6-2DF473C19E0C}.Release|x86.ActiveCfg = Release|Any CPU
		{D6D222DC-46CB-4E7A-B2C6-2DF473C19E0C}.Release|x86.Build.0 = Release|Any CPU
		{E2295FA3-D59F-4EAD-AE53-C6194CC9F7E9}.Debug|Any CPU.ActiveCfg = Debug|Any CPU
		{E2295FA3-D59F-4EAD-AE53-C6194CC9F7E9}.Debug|Any CPU.Build.0 = Debug|Any CPU
		{E2295FA3-D59F-4EAD-AE53-C6194CC9F7E9}.Debug|x86.ActiveCfg = Debug|x86
		{E2295FA3-D59F-4EAD-AE53-C6194CC9F7E9}.Debug|x86.Build.0 = Debug|x86
		{E2295FA3-D59F-4EAD-AE53-C6194CC9F7E9}.Release|Any CPU.ActiveCfg = Release|Any CPU
		{E2295FA3-D59F-4EAD-AE53-C6194CC9F7E9}.Release|Any CPU.Build.0 = Release|Any CPU
		{E2295FA3-D59F-4EAD-AE53-C6194CC9F7E9}.Release|x86.ActiveCfg = Release|x86
		{E2295FA3-D59F-4EAD-AE53-C6194CC9F7E9}.Release|x86.Build.0 = Release|x86
		{7D2C285E-9231-443E-99F1-7771B141C8F0}.Debug|Any CPU.ActiveCfg = Debug|Any CPU
		{7D2C285E-9231-443E-99F1-7771B141C8F0}.Debug|Any CPU.Build.0 = Debug|Any CPU
		{7D2C285E-9231-443E-99F1-7771B141C8F0}.Debug|x86.ActiveCfg = Debug|Any CPU
		{7D2C285E-9231-443E-99F1-7771B141C8F0}.Debug|x86.Build.0 = Debug|Any CPU
		{7D2C285E-9231-443E-99F1-7771B141C8F0}.Release|Any CPU.ActiveCfg = Release|Any CPU
		{7D2C285E-9231-443E-99F1-7771B141C8F0}.Release|Any CPU.Build.0 = Release|Any CPU
		{7D2C285E-9231-443E-99F1-7771B141C8F0}.Release|x86.ActiveCfg = Release|Any CPU
		{7D2C285E-9231-443E-99F1-7771B141C8F0}.Release|x86.Build.0 = Release|Any CPU
		{6A9DF216-52D2-4E9C-BE52-872DC211FCAE}.Debug|Any CPU.ActiveCfg = Debug|Any CPU
		{6A9DF216-52D2-4E9C-BE52-872DC211FCAE}.Debug|Any CPU.Build.0 = Debug|Any CPU
		{6A9DF216-52D2-4E9C-BE52-872DC211FCAE}.Debug|x86.ActiveCfg = Debug|Any CPU
		{6A9DF216-52D2-4E9C-BE52-872DC211FCAE}.Debug|x86.Build.0 = Debug|Any CPU
		{6A9DF216-52D2-4E9C-BE52-872DC211FCAE}.Release|Any CPU.ActiveCfg = Release|Any CPU
		{6A9DF216-52D2-4E9C-BE52-872DC211FCAE}.Release|Any CPU.Build.0 = Release|Any CPU
		{6A9DF216-52D2-4E9C-BE52-872DC211FCAE}.Release|x86.ActiveCfg = Release|Any CPU
		{6A9DF216-52D2-4E9C-BE52-872DC211FCAE}.Release|x86.Build.0 = Release|Any CPU
		{73A22A67-D989-4C49-B109-EE1CC7917094}.Debug|Any CPU.ActiveCfg = Debug|Any CPU
		{73A22A67-D989-4C49-B109-EE1CC7917094}.Debug|Any CPU.Build.0 = Debug|Any CPU
		{73A22A67-D989-4C49-B109-EE1CC7917094}.Debug|x86.ActiveCfg = Debug|Any CPU
		{73A22A67-D989-4C49-B109-EE1CC7917094}.Debug|x86.Build.0 = Debug|Any CPU
		{73A22A67-D989-4C49-B109-EE1CC7917094}.Release|Any CPU.ActiveCfg = Release|Any CPU
		{73A22A67-D989-4C49-B109-EE1CC7917094}.Release|Any CPU.Build.0 = Release|Any CPU
		{73A22A67-D989-4C49-B109-EE1CC7917094}.Release|x86.ActiveCfg = Release|Any CPU
		{73A22A67-D989-4C49-B109-EE1CC7917094}.Release|x86.Build.0 = Release|Any CPU
		{81E344CD-9B6F-49E0-8578-3ABC7A5BEE61}.Debug|Any CPU.ActiveCfg = Debug|Any CPU
		{81E344CD-9B6F-49E0-8578-3ABC7A5BEE61}.Debug|Any CPU.Build.0 = Debug|Any CPU
		{81E344CD-9B6F-49E0-8578-3ABC7A5BEE61}.Debug|x86.ActiveCfg = Debug|Any CPU
		{81E344CD-9B6F-49E0-8578-3ABC7A5BEE61}.Debug|x86.Build.0 = Debug|Any CPU
		{81E344CD-9B6F-49E0-8578-3ABC7A5BEE61}.Release|Any CPU.ActiveCfg = Release|Any CPU
		{81E344CD-9B6F-49E0-8578-3ABC7A5BEE61}.Release|Any CPU.Build.0 = Release|Any CPU
		{81E344CD-9B6F-49E0-8578-3ABC7A5BEE61}.Release|x86.ActiveCfg = Release|Any CPU
		{81E344CD-9B6F-49E0-8578-3ABC7A5BEE61}.Release|x86.Build.0 = Release|Any CPU
		{CABC48E3-D968-48CF-9BE6-B65D742FE802}.Debug|Any CPU.ActiveCfg = Debug|Any CPU
		{CABC48E3-D968-48CF-9BE6-B65D742FE802}.Debug|Any CPU.Build.0 = Debug|Any CPU
		{CABC48E3-D968-48CF-9BE6-B65D742FE802}.Debug|x86.ActiveCfg = Debug|Any CPU
		{CABC48E3-D968-48CF-9BE6-B65D742FE802}.Debug|x86.Build.0 = Debug|Any CPU
		{CABC48E3-D968-48CF-9BE6-B65D742FE802}.Release|Any CPU.ActiveCfg = Release|Any CPU
		{CABC48E3-D968-48CF-9BE6-B65D742FE802}.Release|Any CPU.Build.0 = Release|Any CPU
		{CABC48E3-D968-48CF-9BE6-B65D742FE802}.Release|x86.ActiveCfg = Release|Any CPU
		{CABC48E3-D968-48CF-9BE6-B65D742FE802}.Release|x86.Build.0 = Release|Any CPU
		{BF6A68CE-EF4E-40E4-AF2E-CE9BF2B6CFED}.Debug|Any CPU.ActiveCfg = Debug|Any CPU
		{BF6A68CE-EF4E-40E4-AF2E-CE9BF2B6CFED}.Debug|Any CPU.Build.0 = Debug|Any CPU
		{BF6A68CE-EF4E-40E4-AF2E-CE9BF2B6CFED}.Debug|x86.ActiveCfg = Debug|Any CPU
		{BF6A68CE-EF4E-40E4-AF2E-CE9BF2B6CFED}.Debug|x86.Build.0 = Debug|Any CPU
		{BF6A68CE-EF4E-40E4-AF2E-CE9BF2B6CFED}.Release|Any CPU.ActiveCfg = Release|Any CPU
		{BF6A68CE-EF4E-40E4-AF2E-CE9BF2B6CFED}.Release|Any CPU.Build.0 = Release|Any CPU
		{BF6A68CE-EF4E-40E4-AF2E-CE9BF2B6CFED}.Release|x86.ActiveCfg = Release|Any CPU
		{BF6A68CE-EF4E-40E4-AF2E-CE9BF2B6CFED}.Release|x86.Build.0 = Release|Any CPU
	EndGlobalSection
	GlobalSection(SolutionProperties) = preSolution
		HideSolutionNode = FALSE
	EndGlobalSection
	GlobalSection(ExtensibilityGlobals) = postSolution
		SolutionGuid = {9BE42D06-8A56-4953-BD4A-0957D6C8F038}
	EndGlobalSection
EndGlobal
